importers:
  .:
    devDependencies:
      '@types/node': 14.14.20
      esbuild: 0.8.29
      typescript: 4.1.3
    specifiers:
      '@types/node': ^14.14.19
      esbuild: ^0.8.29
      typescript: ^4.1.3
  packages/benchmark:
    dependencies:
      '@intrnl/srv': link:../srv
      '@intrnl/srv-router': link:../srv-router
      express: 4.17.1
      koa: 2.13.1
      koa-router: 10.0.0
      polka: 0.5.2
    specifiers:
      '@intrnl/srv': workspace:^0.2.0
      '@intrnl/srv-router': workspace:^0.2.0
      express: ^4.17.1
      koa: ^2.13.0
      koa-router: ^10.0.0
      polka: ^0.5.2
  packages/srv:
    specifiers: {}
  packages/srv-body-parse:
    devDependencies:
      '@intrnl/srv': link:../srv
      '@intrnl/srv-body-raw': link:../srv-body-raw
    specifiers:
      '@intrnl/srv': workspace:^0.2.0
      '@intrnl/srv-body-raw': workspace:^0.1.0
  packages/srv-body-raw:
    devDependencies:
      '@intrnl/srv': link:../srv
    specifiers:
      '@intrnl/srv': workspace:^0.2.0
  packages/srv-router:
    dependencies:
      '@intrnl/path-builder': 0.1.2
    devDependencies:
      '@intrnl/srv': link:../srv
    specifiers:
      '@intrnl/path-builder': ^0.1.2
      '@intrnl/srv': workspace:^0.2.0
lockfileVersion: 5.2
packages:
  /@arr/every/1.0.1:
    dev: false
    engines:
      node: '>=4'
    resolution:
      integrity: sha512-UQFQ6SgyJ6LX42W8rHCs8KVc0JS0tzVL9ct4XYedJukskYVWTo49tNiMEK9C2HTyarbNiT/RVIRSY82vH+6sTg==
  /@intrnl/path-builder/0.1.2:
    dev: false
    resolution:
      integrity: sha512-ulWXhTkKYnYOQHR43G0XUFHGgjVfEOiE+7cwmdsPULZv+hXEBQxXUtsqlyiH93w5ecVMBZj6rv3I91+2SM2l5A==
  /@polka/url/0.5.0:
    dev: false
    resolution:
      integrity: sha512-oZLYFEAzUKyi3SKnXvj32ZCEGH6RDnao7COuCVhDydMS9NrCSVXhM79VaKyP5+Zc33m0QXEd2DN3UkU7OsHcfw==
  /@types/node/14.14.20:
    dev: true
    resolution:
      integrity: sha512-Y93R97Ouif9JEOWPIUyU+eyIdyRqQR0I8Ez1dzku4hDx34NWh4HbtIc3WNzwB1Y9ULvNGeu5B8h8bVL5cAk4/A==
  /accepts/1.3.7:
    dependencies:
      mime-types: 2.1.28
      negotiator: 0.6.2
    dev: false
    engines:
      node: '>= 0.6'
    resolution:
      integrity: sha512-Il80Qs2WjYlJIBNzNkK6KYqlVMTbZLXgHx2oT0pU/fjRHyEp+PEfEPY0R3WCwAGVOtauxh1hOxNgIf5bv7dQpA==
  /any-promise/1.3.0:
    dev: false
    resolution:
      integrity: sha1-q8av7tzqUugJzcA3au0845Y10X8=
  /array-flatten/1.1.1:
    dev: false
    resolution:
      integrity: sha1-ml9pkFGx5wczKPKgCJaLZOopVdI=
  /body-parser/1.19.0:
    dependencies:
      bytes: 3.1.0
      content-type: 1.0.4
      debug: 2.6.9
      depd: 1.1.2
      http-errors: 1.7.2
      iconv-lite: 0.4.24
      on-finished: 2.3.0
      qs: 6.7.0
      raw-body: 2.4.0
      type-is: 1.6.18
    dev: false
    engines:
      node: '>= 0.8'
    resolution:
      integrity: sha512-dhEPs72UPbDnAQJ9ZKMNTP6ptJaionhP5cBb541nXPlW60Jepo9RV/a4fX4XWW9CuFNK22krhrj1+rgzifNCsw==
  /bytes/3.1.0:
    dev: false
    engines:
      node: '>= 0.8'
    resolution:
      integrity: sha512-zauLjrfCG+xvoyaqLoV8bLVXXNGC4JqlxFCutSDWA6fJrTo2ZuvLYTqZ7aHBLZSMOopbzwv8f+wZcVzfVTI2Dg==
  /cache-content-type/1.0.1:
    dependencies:
      mime-types: 2.1.28
      ylru: 1.2.1
    dev: false
    engines:
      node: '>= 6.0.0'
    resolution:
      integrity: sha512-IKufZ1o4Ut42YUrZSo8+qnMTrFuKkvyoLXUywKz9GJ5BrhOFGhLdkx9sG4KAnVvbY6kEcSFjLQul+DVmBm2bgA==
  /co/4.6.0:
    dev: false
    engines:
      iojs: '>= 1.0.0'
      node: '>= 0.12.0'
    resolution:
      integrity: sha1-bqa989hTrlTMuOR7+gvz+QMfsYQ=
  /content-disposition/0.5.3:
    dependencies:
      safe-buffer: 5.1.2
    dev: false
    engines:
      node: '>= 0.6'
    resolution:
      integrity: sha512-ExO0774ikEObIAEV9kDo50o+79VCUdEB6n6lzKgGwupcVeRlhrj3qGAfwq8G6uBJjkqLrhT0qEYFcWng8z1z0g==
  /content-type/1.0.4:
    dev: false
    engines:
      node: '>= 0.6'
    resolution:
      integrity: sha512-hIP3EEPs8tB9AT1L+NUqtwOAps4mk2Zob89MWXMHjHWg9milF/j4osnnQLXBCBFBk/tvIG/tUc9mOUJiPBhPXA==
  /cookie-signature/1.0.6:
    dev: false
    resolution:
      integrity: sha1-4wOogrNCzD7oylE6eZmXNNqzriw=
  /cookie/0.4.0:
    dev: false
    engines:
      node: '>= 0.6'
    resolution:
      integrity: sha512-+Hp8fLp57wnUSt0tY0tHEXh4voZRDnoIrZPqlo3DPiI4y9lwg/jqx+1Om94/W6ZaPDOUbnjOt/99w66zk+l1Xg==
  /cookies/0.8.0:
    dependencies:
      depd: 2.0.0
      keygrip: 1.1.0
    dev: false
    engines:
      node: '>= 0.8'
    resolution:
      integrity: sha512-8aPsApQfebXnuI+537McwYsDtjVxGm8gTIzQI3FDW6t5t/DAhERxtnbEPN/8RX+uZthoz4eCOgloXaE5cYyNow==
  /debug/2.6.9:
    dependencies:
      ms: 2.0.0
    dev: false
    resolution:
      integrity: sha512-bC7ElrdJaJnPbAP+1EotYvqZsb3ecl5wi6Bfi6BJTUcNowp6cvspg0jXznRTKDjm/E7AdgFBVeAPVMNcKGsHMA==
  /debug/3.1.0:
    dependencies:
      ms: 2.0.0
    dev: false
    resolution:
      integrity: sha512-OX8XqP7/1a9cqkxYw2yXss15f26NKWBpDXQd0/uK/KPqdQhxbPa994hnzjcE2VqQpDslf55723cKPUOGSmMY3g==
  /debug/4.3.1:
    dependencies:
      ms: 2.1.2
    dev: false
    engines:
      node: '>=6.0'
    peerDependencies:
      supports-color: '*'
    peerDependenciesMeta:
      supports-color:
        optional: true
    resolution:
      integrity: sha512-doEwdvm4PCeK4K3RQN2ZC2BYUBaxwLARCqZmMjtF8a51J2Rb0xpVloFRnCODwqjpwnAoao4pelN8l3RJdv3gRQ==
  /deep-equal/1.0.1:
    dev: false
    resolution:
      integrity: sha1-9dJgKStmDghO/0zbyfCK0yR0SLU=
  /delegates/1.0.0:
    dev: false
    resolution:
      integrity: sha1-hMbhWbgZBP3KWaDvRM2HDTElD5o=
  /depd/1.1.2:
    dev: false
    engines:
      node: '>= 0.6'
    resolution:
      integrity: sha1-m81S4UwJd2PnSbJ0xDRu0uVgtak=
  /depd/2.0.0:
    dev: false
    engines:
      node: '>= 0.8'
    resolution:
      integrity: sha512-g7nH6P6dyDioJogAAGprGpCtVImJhpPk/roCzdb3fIh61/s/nPsfR6onyMwkCAR/OlC3yBC0lESvUoQEAssIrw==
  /destroy/1.0.4:
    dev: false
    resolution:
      integrity: sha1-l4hXRCxEdJ5CBmE+N5RiBYJqvYA=
  /ee-first/1.1.1:
    dev: false
    resolution:
      integrity: sha1-WQxhFWsK4vTwJVcyoViyZrxWsh0=
  /encodeurl/1.0.2:
    dev: false
    engines:
      node: '>= 0.8'
    resolution:
      integrity: sha1-rT/0yG7C0CkyL1oCw6mmBslbP1k=
  /esbuild/0.8.29:
    dev: true
    hasBin: true
    requiresBuild: true
    resolution:
      integrity: sha512-UDsEoeXuctVgG2hEts1Hwq2jYDGqV7nksEHEZaiCy2v+lXF5ButX4ErPAJAFi5ZNKKW+6Pom93pArV7hki6HnQ==
  /escape-html/1.0.3:
    dev: false
    resolution:
      integrity: sha1-Aljq5NPQwJdN4cFpGI7wBR0dGYg=
  /etag/1.8.1:
    dev: false
    engines:
      node: '>= 0.6'
    resolution:
      integrity: sha1-Qa4u62XvpiJorr/qg6x9eSmbCIc=
  /express/4.17.1:
    dependencies:
      accepts: 1.3.7
      array-flatten: 1.1.1
      body-parser: 1.19.0
      content-disposition: 0.5.3
      content-type: 1.0.4
      cookie: 0.4.0
      cookie-signature: 1.0.6
      debug: 2.6.9
      depd: 1.1.2
      encodeurl: 1.0.2
      escape-html: 1.0.3
      etag: 1.8.1
      finalhandler: 1.1.2
      fresh: 0.5.2
      merge-descriptors: 1.0.1
      methods: 1.1.2
      on-finished: 2.3.0
      parseurl: 1.3.3
      path-to-regexp: 0.1.7
      proxy-addr: 2.0.6
      qs: 6.7.0
      range-parser: 1.2.1
      safe-buffer: 5.1.2
      send: 0.17.1
      serve-static: 1.14.1
      setprototypeof: 1.1.1
      statuses: 1.5.0
      type-is: 1.6.18
      utils-merge: 1.0.1
      vary: 1.1.2
    dev: false
    engines:
      node: '>= 0.10.0'
    resolution:
      integrity: sha512-mHJ9O79RqluphRrcw2X/GTh3k9tVv8YcoyY4Kkh4WDMUYKRZUq0h1o0w2rrrxBqM7VoeUVqgb27xlEMXTnYt4g==
  /finalhandler/1.1.2:
    dependencies:
      debug: 2.6.9
      encodeurl: 1.0.2
      escape-html: 1.0.3
      on-finished: 2.3.0
      parseurl: 1.3.3
      statuses: 1.5.0
      unpipe: 1.0.0
    dev: false
    engines:
      node: '>= 0.8'
    resolution:
      integrity: sha512-aAWcW57uxVNrQZqFXjITpW3sIUQmHGG3qSb9mUah9MgMC4NeWhNOlNjXEYq3HjRAvL6arUviZGGJsBg6z0zsWA==
  /forwarded/0.1.2:
    dev: false
    engines:
      node: '>= 0.6'
    resolution:
      integrity: sha1-mMI9qxF1ZXuMBXPozszZGw/xjIQ=
  /fresh/0.5.2:
    dev: false
    engines:
      node: '>= 0.6'
    resolution:
      integrity: sha1-PYyt2Q2XZWn6g1qx+OSyOhBWBac=
  /http-assert/1.4.1:
    dependencies:
      deep-equal: 1.0.1
      http-errors: 1.7.3
    dev: false
    engines:
      node: '>= 0.8'
    resolution:
      integrity: sha512-rdw7q6GTlibqVVbXr0CKelfV5iY8G2HqEUkhSk297BMbSpSL8crXC+9rjKoMcZZEsksX30le6f/4ul4E28gegw==
  /http-errors/1.7.2:
    dependencies:
      depd: 1.1.2
      inherits: 2.0.3
      setprototypeof: 1.1.1
      statuses: 1.5.0
      toidentifier: 1.0.0
    dev: false
    engines:
      node: '>= 0.6'
    resolution:
      integrity: sha512-uUQBt3H/cSIVfch6i1EuPNy/YsRSOUBXTVfZ+yR7Zjez3qjBz6i9+i4zjNaoqcoFVI4lQJ5plg63TvGfRSDCRg==
  /http-errors/1.7.3:
    dependencies:
      depd: 1.1.2
      inherits: 2.0.4
      setprototypeof: 1.1.1
      statuses: 1.5.0
      toidentifier: 1.0.0
    dev: false
    engines:
      node: '>= 0.6'
    resolution:
      integrity: sha512-ZTTX0MWrsQ2ZAhA1cejAwDLycFsd7I7nVtnkT3Ol0aqodaKW+0CTZDQ1uBv5whptCnc8e8HeRRJxRs0kmm/Qfw==
  /http-errors/1.8.0:
    dependencies:
      depd: 1.1.2
      inherits: 2.0.4
      setprototypeof: 1.2.0
      statuses: 1.5.0
      toidentifier: 1.0.0
    dev: false
    engines:
      node: '>= 0.6'
    resolution:
      integrity: sha512-4I8r0C5JDhT5VkvI47QktDW75rNlGVsUf/8hzjCC/wkWI/jdTRmBb9aI7erSG82r1bjKY3F6k28WnsVxB1C73A==
  /iconv-lite/0.4.24:
    dependencies:
      safer-buffer: 2.1.2
    dev: false
    engines:
      node: '>=0.10.0'
    resolution:
      integrity: sha512-v3MXnZAcvnywkTUEZomIActle7RXXeedOR31wwl7VlyoXO4Qi9arvSenNQWne1TcRwhCL1HwLI21bEqdpj8/rA==
  /inherits/2.0.3:
    dev: false
    resolution:
      integrity: sha1-Yzwsg+PaQqUC9SRmAiSA9CCCYd4=
  /inherits/2.0.4:
    dev: false
    resolution:
      integrity: sha512-k/vGaX4/Yla3WzyMCvTQOXYeIHvqOKtnqBduzTHpzpQZzAskKMhZ2K+EnBiSM9zGSoIFeMpXKxa4dYeZIQqewQ==
  /ipaddr.js/1.9.1:
    dev: false
    engines:
      node: '>= 0.10'
    resolution:
      integrity: sha512-0KI/607xoxSToH7GjN1FfSbLoU0+btTicjsQSWQlh/hZykN8KpmMf7uYwPW3R+akZ6R/w18ZlXSHBYXiYUPO3g==
  /is-generator-function/1.0.8:
    dev: false
    engines:
      node: '>= 0.4'
    resolution:
      integrity: sha512-2Omr/twNtufVZFr1GhxjOMFPAj2sjc/dKaIqBhvo4qciXfJmITGH6ZGd8eZYNHza8t1y0e01AuqRhJwfWp26WQ==
  /keygrip/1.1.0:
    dependencies:
      tsscmp: 1.0.6
    dev: false
    engines:
      node: '>= 0.6'
    resolution:
      integrity: sha512-iYSchDJ+liQ8iwbSI2QqsQOvqv58eJCEanyJPJi+Khyu8smkcKSFUCbPwzFcL7YVtZ6eONjqRX/38caJ7QjRAQ==
  /koa-compose/3.2.1:
    dependencies:
      any-promise: 1.3.0
    dev: false
    resolution:
      integrity: sha1-qFzLQLfZhtjlo0Wzoazo6rz1Tec=
  /koa-compose/4.1.0:
    dev: false
    resolution:
      integrity: sha512-8ODW8TrDuMYvXRwra/Kh7/rJo9BtOfPc6qO8eAfC80CnCvSjSl0bkRM24X6/XBBEyj0v1nRUQ1LyOy3dbqOWXw==
  /koa-convert/1.2.0:
    dependencies:
      co: 4.6.0
      koa-compose: 3.2.1
    dev: false
    engines:
      node: '>= 4'
    resolution:
      integrity: sha1-2kCHXfSd4FOQmNFwC1CCDOvNIdA=
  /koa-router/10.0.0:
    dependencies:
      debug: 4.3.1
      http-errors: 1.8.0
      koa-compose: 4.1.0
      methods: 1.1.2
      path-to-regexp: 6.2.0
    dev: false
    engines:
      node: '>= 8.0.0'
    resolution:
      integrity: sha512-gAE5J1gBQTvfR8rMMtMUkE26+1MbO3DGpGmvfmM2pR9Z7w2VIb2Ecqeal98yVO7+4ltffby7gWOzpCmdNOQe0w==
  /koa/2.13.1:
    dependencies:
      accepts: 1.3.7
      cache-content-type: 1.0.1
      content-disposition: 0.5.3
      content-type: 1.0.4
      cookies: 0.8.0
      debug: 3.1.0
      delegates: 1.0.0
      depd: 2.0.0
      destroy: 1.0.4
      encodeurl: 1.0.2
      escape-html: 1.0.3
      fresh: 0.5.2
      http-assert: 1.4.1
      http-errors: 1.8.0
      is-generator-function: 1.0.8
      koa-compose: 4.1.0
      koa-convert: 1.2.0
      on-finished: 2.3.0
      only: 0.0.2
      parseurl: 1.3.3
      statuses: 1.5.0
      type-is: 1.6.18
      vary: 1.1.2
    dev: false
    engines:
      node: ^4.8.4 || ^6.10.1 || ^7.10.1 || >= 8.1.4
    resolution:
      integrity: sha512-Lb2Dloc72auj5vK4X4qqL7B5jyDPQaZucc9sR/71byg7ryoD1NCaCm63CShk9ID9quQvDEi1bGR/iGjCG7As3w==
  /matchit/1.1.0:
    dependencies:
      '@arr/every': 1.0.1
    dev: false
    engines:
      node: '>=6'
    resolution:
      integrity: sha512-+nGYoOlfHmxe5BW5tE0EMJppXEwdSf8uBA1GTZC7Q77kbT35+VKLYJMzVNWCHSsga1ps1tPYFtFyvxvKzWVmMA==
  /media-typer/0.3.0:
    dev: false
    engines:
      node: '>= 0.6'
    resolution:
      integrity: sha1-hxDXrwqmJvj/+hzgAWhUUmMlV0g=
  /merge-descriptors/1.0.1:
    dev: false
    resolution:
      integrity: sha1-sAqqVW3YtEVoFQ7J0blT8/kMu2E=
  /methods/1.1.2:
    dev: false
    engines:
      node: '>= 0.6'
    resolution:
      integrity: sha1-VSmk1nZUE07cxSZmVoNbD4Ua/O4=
  /mime-db/1.45.0:
    dev: false
    engines:
      node: '>= 0.6'
    resolution:
      integrity: sha512-CkqLUxUk15hofLoLyljJSrukZi8mAtgd+yE5uO4tqRZsdsAJKv0O+rFMhVDRJgozy+yG6md5KwuXhD4ocIoP+w==
  /mime-types/2.1.28:
    dependencies:
      mime-db: 1.45.0
    dev: false
    engines:
      node: '>= 0.6'
    resolution:
      integrity: sha512-0TO2yJ5YHYr7M2zzT7gDU1tbwHxEUWBCLt0lscSNpcdAfFyJOVEpRYNS7EXVcTLNj/25QO8gulHC5JtTzSE2UQ==
  /mime/1.6.0:
    dev: false
    engines:
      node: '>=4'
    hasBin: true
    resolution:
      integrity: sha512-x0Vn8spI+wuJ1O6S7gnbaQg8Pxh4NNHb7KSINmEWKiPE4RKOplvijn+NkmYmmRgP68mc70j2EbeTFRsrswaQeg==
  /ms/2.0.0:
    dev: false
    resolution:
      integrity: sha1-VgiurfwAvmwpAd9fmGF4jeDVl8g=
  /ms/2.1.1:
    dev: false
    resolution:
      integrity: sha512-tgp+dl5cGk28utYktBsrFqA7HKgrhgPsg6Z/EfhWI4gl1Hwq8B/GmY/0oXZ6nF8hDVesS/FpnYaD/kOWhYQvyg==
  /ms/2.1.2:
    dev: false
    resolution:
      integrity: sha512-sGkPx+VjMtmA6MX27oA4FBFELFCZZ4S4XqeGOXCv68tT+jb3vk/RyaKWP0PTKyWtmLSM0b+adUTEvbs1PEaH2w==
  /negotiator/0.6.2:
    dev: false
    engines:
      node: '>= 0.6'
    resolution:
      integrity: sha512-hZXc7K2e+PgeI1eDBe/10Ard4ekbfrrqG8Ep+8Jmf4JID2bNg7NvCPOZN+kfF574pFQI7mum2AUqDidoKqcTOw==
  /on-finished/2.3.0:
    dependencies:
      ee-first: 1.1.1
    dev: false
    engines:
      node: '>= 0.8'
    resolution:
      integrity: sha1-IPEzZIGwg811M3mSoWlxqi2QaUc=
  /only/0.0.2:
    dev: false
    resolution:
      integrity: sha1-Kv3oTQPlC5qO3EROMGEKcCle37Q=
  /parseurl/1.3.3:
    dev: false
    engines:
      node: '>= 0.8'
    resolution:
      integrity: sha512-CiyeOxFT/JZyN5m0z9PfXw4SCBJ6Sygz1Dpl0wqjlhDEGGBP1GnsUVEL0p63hoG1fcj3fHynXi9NYO4nWOL+qQ==
  /path-to-regexp/0.1.7:
    dev: false
    resolution:
      integrity: sha1-32BBeABfUi8V60SQ5yR6G/qmf4w=
  /path-to-regexp/6.2.0:
    dev: false
    resolution:
      integrity: sha512-f66KywYG6+43afgE/8j/GoiNyygk/bnoCbps++3ErRKsIYkGGupyv07R2Ok5m9i67Iqc+T2g1eAUGUPzWhYTyg==
  /polka/0.5.2:
    dependencies:
      '@polka/url': 0.5.0
      trouter: 2.0.1
    dev: false
    resolution:
      integrity: sha512-FVg3vDmCqP80tOrs+OeNlgXYmFppTXdjD5E7I4ET1NjvtNmQrb1/mJibybKkb/d4NA7YWAr1ojxuhpL3FHqdlw==
  /proxy-addr/2.0.6:
    dependencies:
      forwarded: 0.1.2
      ipaddr.js: 1.9.1
    dev: false
    engines:
      node: '>= 0.10'
    resolution:
      integrity: sha512-dh/frvCBVmSsDYzw6n926jv974gddhkFPfiN8hPOi30Wax25QZyZEGveluCgliBnqmuM+UJmBErbAUFIoDbjOw==
  /qs/6.7.0:
    dev: false
    engines:
      node: '>=0.6'
    resolution:
      integrity: sha512-VCdBRNFTX1fyE7Nb6FYoURo/SPe62QCaAyzJvUjwRaIsc+NePBEniHlvxFmmX56+HZphIGtV0XeCirBtpDrTyQ==
  /range-parser/1.2.1:
    dev: false
    engines:
      node: '>= 0.6'
    resolution:
      integrity: sha512-Hrgsx+orqoygnmhFbKaHE6c296J+HTAQXoxEF6gNupROmmGJRoyzfG3ccAveqCBrwr/2yxQ5BVd/GTl5agOwSg==
  /raw-body/2.4.0:
    dependencies:
      bytes: 3.1.0
      http-errors: 1.7.2
      iconv-lite: 0.4.24
      unpipe: 1.0.0
    dev: false
    engines:
      node: '>= 0.8'
    resolution:
      integrity: sha512-4Oz8DUIwdvoa5qMJelxipzi/iJIi40O5cGV1wNYp5hvZP8ZN0T+jiNkL0QepXs+EsQ9XJ8ipEDoiH70ySUJP3Q==
  /safe-buffer/5.1.2:
    dev: false
    resolution:
      integrity: sha512-Gd2UZBJDkXlY7GbJxfsE8/nvKkUEU1G38c1siN6QP6a9PT9MmHB8GnpscSmMJSoF8LOIrt8ud/wPtojys4G6+g==
  /safer-buffer/2.1.2:
    dev: false
    resolution:
      integrity: sha512-YZo3K82SD7Riyi0E1EQPojLz7kpepnSQI9IyPbHHg1XXXevb5dJI7tpyN2ADxGcQbHG7vcyRHk0cbwqcQriUtg==
  /send/0.17.1:
    dependencies:
      debug: 2.6.9
      depd: 1.1.2
      destroy: 1.0.4
      encodeurl: 1.0.2
      escape-html: 1.0.3
      etag: 1.8.1
      fresh: 0.5.2
      http-errors: 1.7.3
      mime: 1.6.0
      ms: 2.1.1
      on-finished: 2.3.0
      range-parser: 1.2.1
      statuses: 1.5.0
    dev: false
    engines:
      node: '>= 0.8.0'
    resolution:
      integrity: sha512-BsVKsiGcQMFwT8UxypobUKyv7irCNRHk1T0G680vk88yf6LBByGcZJOTJCrTP2xVN6yI+XjPJcNuE3V4fT9sAg==
  /serve-static/1.14.1:
    dependencies:
      encodeurl: 1.0.2
      escape-html: 1.0.3
      parseurl: 1.3.3
      send: 0.17.1
    dev: false
    engines:
      node: '>= 0.8.0'
    resolution:
      integrity: sha512-JMrvUwE54emCYWlTI+hGrGv5I8dEwmco/00EvkzIIsR7MqrHonbD9pO2MOfFnpFntl7ecpZs+3mW+XbQZu9QCg==
  /setprototypeof/1.1.1:
    dev: false
    resolution:
      integrity: sha512-JvdAWfbXeIGaZ9cILp38HntZSFSo3mWg6xGcJJsd+d4aRMOqauag1C63dJfDw7OaMYwEbHMOxEZ1lqVRYP2OAw==
  /setprototypeof/1.2.0:
    dev: false
    resolution:
      integrity: sha512-E5LDX7Wrp85Kil5bhZv46j8jOeboKq5JMmYM3gVGdGH8xFpPWXUMsNrlODCrkoxMEeNi/XZIwuRvY4XNwYMJpw==
  /statuses/1.5.0:
    dev: false
    engines:
      node: '>= 0.6'
    resolution:
      integrity: sha1-Fhx9rBd2Wf2YEfQ3cfqZOBR4Yow=
  /toidentifier/1.0.0:
    dev: false
    engines:
      node: '>=0.6'
    resolution:
      integrity: sha512-yaOH/Pk/VEhBWWTlhI+qXxDFXlejDGcQipMlyxda9nthulaxLZUNcUqFxokp0vcYnvteJln5FNQDRrxj3YcbVw==
  /trouter/2.0.1:
    dependencies:
      matchit: 1.1.0
    dev: false
    engines:
      node: '>=6'
    resolution:
      integrity: sha512-kr8SKKw94OI+xTGOkfsvwZQ8mWoikZDd2n8XZHjJVZUARZT+4/VV6cacRS6CLsH9bNm+HFIPU1Zx4CnNnb4qlQ==
  /tsscmp/1.0.6:
    dev: false
    engines:
      node: '>=0.6.x'
    resolution:
      integrity: sha512-LxhtAkPDTkVCMQjt2h6eBVY28KCjikZqZfMcC15YBeNjkgUpdCfBu5HoiOTDu86v6smE8yOjyEktJ8hlbANHQA==
  /type-is/1.6.18:
    dependencies:
      media-typer: 0.3.0
      mime-types: 2.1.28
    dev: false
    engines:
      node: '>= 0.6'
    resolution:
      integrity: sha512-TkRKr9sUTxEH8MdfuCSP7VizJyzRNMjj2J2do2Jr3Kym598JVdEksuzPQCnlFPW4ky9Q+iA+ma9BGm06XQBy8g==
  /typescript/4.1.3:
    dev: true
    engines:
      node: '>=4.2.0'
    hasBin: true
    resolution:
      integrity: sha512-B3ZIOf1IKeH2ixgHhj6la6xdwR9QrLC5d1VKeCSY4tvkqhF2eqd9O7txNlS0PO3GrBAFIdr3L1ndNwteUbZLYg==
  /unpipe/1.0.0:
    dev: false
    engines:
      node: '>= 0.8'
    resolution:
      integrity: sha1-sr9O6FFKrmFltIF4KdIbLvSZBOw=
  /utils-merge/1.0.1:
    dev: false
    engines:
      node: '>= 0.4.0'
    resolution:
      integrity: sha1-n5VxD1CiZ5R7LMwSR0HBAoQn5xM=
  /vary/1.1.2:
    dev: false
    engines:
      node: '>= 0.8'
    resolution:
      integrity: sha1-IpnwLG3tMNSllhsLn3RSShj2NPw=
  /ylru/1.2.1:
    dev: false
    engines:
      node: '>= 4.0.0'
    resolution:
      integrity: sha512-faQrqNMzcPCHGVC2aaOINk13K+aaBDUPjGWl0teOXywElLjyVAB6Oe2jj62jHYtwsU49jXhScYbvPENK+6zAvQ==
